{
    "version": "0.5",
    "requires": [
        "zlib/1.2.13#e377bee636333ae348d51ca90874e353%1682597484.674",
        "spdlog/1.11.0#d0fdbaa523550b89156084bf42b41c90%1681336079.737",
        "secp256k1/0.17.0#7ccad3671360359af67ca3b6cbb0a4dc%1685530303.447",
        "libbacktrace/cci.20210118#ec1aa63bbc10145c6a299e68e711670c%1676205469.545",
        "infrastructure/0.27.0#a9519ecb1490c5367c2ce3f44f0a1955%1686752009.507",
        "gmp/6.2.1#c0aec48648a7dff99f293870b95cad36%1678897585.752",
        "fmt/9.1.0#44302d39c5a4bf7de8a39adc50bb4568%1684225717.781",
        "domain/0.29.0#12a53c175bd8778fad3e800de9469eaa%1686777640.7352133",
        "bzip2/1.0.8#411fc05e80d47a89045edc1ee6f23c1d%1678293522.814",
        "boost/1.82.0#902463606663219fc8c6d2102f1b8c6a%1685704970.086"
    ],
    "build_requires": [
        "m4/1.4.19#c1c4b1ee919e34630bb9b50046253d3c%1676610086.39",
        "b2/4.9.6#2e02945ad41739b8051247d14fe8297d%1679927934.674"
    ],
    "python_requires": []
}