{
    "version": "0.5",
    "requires": [
        "zlib/1.3#06023034579559bb64357db3a53f88a4%1692672716.907",
        "spdlog/1.13.0#2775cc949e26b339029a852785b6b276%1705707717.233",
        "secp256k1/0.18.0#c2e7e05855c71cb8f4e350a7aa10bfa9%1698921631.178",
        "libiconv/1.17#fa54397801cd96911a8294bc5fc76335%1675449822.495",
        "libbacktrace/cci.20210118#ec1aa63bbc10145c6a299e68e711670c%1676205469.545",
        "infrastructure/0.32.0#ca438a22e0ec5b0e3f3bfe421227e761%1706978102.691",
        "gmp/6.3.0#df20ffb6d21c34d67704305bcd1dea9e%1698225617.026",
        "fmt/10.2.1#9199a7a0611866dea5c8849a77467b25%1704415120.216",
        "expected-lite/0.6.3#262026767cf9d5ab1fdccb25c9bdbac2%1692807329.641",
        "domain/0.34.0#242d4d853892a0dbb43f571685efcd82%1706989053.084",
        "ctre/3.8.1#40ac42de50d5ff58fdee27f3f13a9ada%1697312280.727",
        "bzip2/1.0.8#411fc05e80d47a89045edc1ee6f23c1d%1678293522.814",
        "boost/1.84.0#695713218cdeec6aef61de1f34bf57ee%1706382844.645"
    ],
    "build_requires": [
        "m4/1.4.19#b38ced39a01e31fef5435bc634461fd2%1700758725.451",
        "b2/4.10.1#8dc3df1cc73ad65d86cbdfd31fdb011f%1690006205.975"
    ],
    "python_requires": [],
    "config_requires": []
}