{
    "version": "0.5",
    "requires": [
        "zlib/1.2.13#e377bee636333ae348d51ca90874e353%1682597484.674",
        "spdlog/1.11.0#d0fdbaa523550b89156084bf42b41c90%1681336079.737",
        "secp256k1/0.16.0#310048a5c758d4c5dae6ca2baec13797%1680707008.29",
        "libbacktrace/cci.20210118#ec1aa63bbc10145c6a299e68e711670c%1676205469.545",
        "infrastructure/0.25.0#72e130d69d702375a34de9e054ed22f6%1684146846.251",
        "gmp/6.2.1#c0aec48648a7dff99f293870b95cad36%1678897585.752",
        "fmt/9.1.0#e747928f85b03f48aaf227ff897d9634%1675126490.952",
        "domain/0.27.0#15fc43a6c00b1295e50e2dc123807db0%1684162517.7121465",
        "bzip2/1.0.8#411fc05e80d47a89045edc1ee6f23c1d%1678293522.814",
        "boost/1.81.0#9bd7ae86a881631b6cc76590621e470b%1682803250.326"
    ],
    "build_requires": [
        "m4/1.4.19#c1c4b1ee919e34630bb9b50046253d3c%1676610086.39",
        "b2/4.9.6#2e02945ad41739b8051247d14fe8297d%1679927934.674"
    ],
    "python_requires": []
}